# THIS IS AN AUTOGENERATED FILE. DO NOT EDIT THIS FILE DIRECTLY.
# yarn lockfile v1


"@playwright/test@^1.50.1":
  version "1.50.1"
  resolved "https://registry.npmjs.org/@playwright/test/-/test-1.50.1.tgz"
  integrity sha512-Jii3aBg+CEDpgnuDxEp/h7BimHcUTDlpEtce89xEumlJ5ef2hqepZ+PWp1DDpYC/VO9fmWVI1IlEaoI5fK9FXQ==
  dependencies:
    playwright "1.50.1"

"@types/node@^22.13.4":
  version "22.13.4"
  resolved "https://registry.npmjs.org/@types/node/-/node-22.13.4.tgz"
  integrity sha512-ywP2X0DYtX3y08eFVx5fNIw7/uIv8hYUKgXoK8oayJlLnKcRfEYCxWMVE1XagUdVtCJlZT1AU4LXEABW+L1Peg==
  dependencies:
    undici-types "~6.20.0"

assert-options@0.8.2:
  version "0.8.2"
  resolved "https://registry.npmjs.org/assert-options/-/assert-options-0.8.2.tgz"
  integrity sha512-XaXoMxY0zuwAb0YuZjxIm8FeWvNq0aWNIbrzHhFjme8Smxw4JlPoyrAKQ6808k5UvQdhvnWqHZCphq5mXd4TDA==

fsevents@2.3.2:
  version "2.3.2"
  resolved "https://registry.npmjs.org/fsevents/-/fsevents-2.3.2.tgz"
  integrity sha512-xiqMQR4xAeHTuB9uWm+fFRcIOgKBMiOBP+eXiyT7jsgVCq1bkVygt00oASowB7EdtpOHaaPgKt812P9ab+DDKA==

pg-cloudflare@^1.1.1:
  version "1.1.1"
  resolved "https://registry.npmjs.org/pg-cloudflare/-/pg-cloudflare-1.1.1.tgz"
  integrity sha512-xWPagP/4B6BgFO+EKz3JONXv3YDgvkbVrGw2mTo3D6tVDQRh1e7cqVGvyR3BE+eQgAvx1XhW/iEASj4/jCWl3Q==

pg-connection-string@^2.7.0:
  version "2.7.0"
  resolved "https://registry.npmjs.org/pg-connection-string/-/pg-connection-string-2.7.0.tgz"
  integrity sha512-PI2W9mv53rXJQEOb8xNR8lH7Hr+EKa6oJa38zsK0S/ky2er16ios1wLKhZyxzD7jUReiWokc9WK5nxSnC7W1TA==

pg-cursor@^2.12.1:
  version "2.12.3"
  resolved "https://registry.npmjs.org/pg-cursor/-/pg-cursor-2.12.3.tgz"
  integrity sha512-2koS4+f+oCJnJ6pTdUlp3TkwOCjlPr9lmwcTDPeXZv3eiXDCxZeBC7T0+LldA9+mhqdcO8WDqbuFfdFEJm9YLw==

pg-int8@1.0.1:
  version "1.0.1"
  resolved "https://registry.npmjs.org/pg-int8/-/pg-int8-1.0.1.tgz"
  integrity sha512-WCtabS6t3c8SkpDBUlb1kjOs7l66xsGdKpIPZsg4wR+B3+u9UAum2odSsF9tnvxg80h4ZxLWMy4pRjOsFIqQpw==

pg-minify@1.6.5:
  version "1.6.5"
  resolved "https://registry.npmjs.org/pg-minify/-/pg-minify-1.6.5.tgz"
  integrity sha512-u0UE8veaCnMfJmoklqneeBBopOAPG3/6DHqGVHYAhz8DkJXh9dnjPlz25fRxn4e+6XVzdOp7kau63Rp52fZ3WQ==

pg-pool@^3.7.0, pg-pool@^3.7.1:
  version "3.7.1"
  resolved "https://registry.npmjs.org/pg-pool/-/pg-pool-3.7.1.tgz"
  integrity sha512-xIOsFoh7Vdhojas6q3596mXFsR8nwBQBXX5JiV7p9buEVAGqYL4yFzclON5P9vFrpu1u7Zwl2oriyDa89n0wbw==

pg-promise@^11.10.2:
  version "11.10.2"
  resolved "https://registry.npmjs.org/pg-promise/-/pg-promise-11.10.2.tgz"
  integrity sha512-wK4yjxZdfxBmAMcs40q6IsC1SOzdLilc1yNvJqlbOjtm2syayqLDCt1JQ9lhS6yNSgVlGOQZT88yb/SADJmEBw==
  dependencies:
    assert-options "0.8.2"
    pg "8.13.1"
    pg-minify "1.6.5"
    spex "3.4.0"

pg-protocol@^1.7.0, pg-protocol@^1.7.1:
  version "1.7.1"
  resolved "https://registry.npmjs.org/pg-protocol/-/pg-protocol-1.7.1.tgz"
  integrity sha512-gjTHWGYWsEgy9MsY0Gp6ZJxV24IjDqdpTW7Eh0x+WfJLFsm/TJx1MzL6T0D88mBvkpxotCQ6TwW6N+Kko7lhgQ==

pg-query-stream@4.7.1:
  version "4.7.1"
  resolved "https://registry.npmjs.org/pg-query-stream/-/pg-query-stream-4.7.1.tgz"
  integrity sha512-UMgsgn/pOIYsIifRySp59vwlpTpLADMK9HWJtq5ff0Z3MxBnPMGnCQeaQl5VuL+7ov4F96mSzIRIcz+Duo6OiQ==
  dependencies:
    pg-cursor "^2.12.1"

pg-types@^2.1.0:
  version "2.2.0"
  resolved "https://registry.npmjs.org/pg-types/-/pg-types-2.2.0.tgz"
  integrity sha512-qTAAlrEsl8s4OiEQY69wDvcMIdQN6wdz5ojQiOy6YRMuynxenON0O5oCpJI6lshc6scgAY8qvJ2On/p+CXY0GA==
  dependencies:
    pg-int8 "1.0.1"
    postgres-array "~2.0.0"
    postgres-bytea "~1.0.0"
    postgres-date "~1.0.4"
    postgres-interval "^1.1.0"

pg@^8, pg@>=8.0:
  version "8.13.3"
  resolved "https://registry.npmjs.org/pg/-/pg-8.13.3.tgz"
  integrity sha512-P6tPt9jXbL9HVu/SSRERNYaYG++MjnscnegFh9pPHihfoBSujsrka0hyuymMzeJKFWrcG8wvCKy8rCe8e5nDUQ==
  dependencies:
    pg-connection-string "^2.7.0"
    pg-pool "^3.7.1"
    pg-protocol "^1.7.1"
    pg-types "^2.1.0"
    pgpass "1.x"
  optionalDependencies:
    pg-cloudflare "^1.1.1"

pg@8.13.1:
  version "8.13.1"
  resolved "https://registry.npmjs.org/pg/-/pg-8.13.1.tgz"
  integrity sha512-OUir1A0rPNZlX//c7ksiu7crsGZTKSOXJPgtNiHGIlC9H0lO+NC6ZDYksSgBYY/thSWhnSRBv8w1lieNNGATNQ==
  dependencies:
    pg-connection-string "^2.7.0"
    pg-pool "^3.7.0"
    pg-protocol "^1.7.0"
    pg-types "^2.1.0"
    pgpass "1.x"
  optionalDependencies:
    pg-cloudflare "^1.1.1"

pgpass@1.x:
  version "1.0.5"
  resolved "https://registry.npmjs.org/pgpass/-/pgpass-1.0.5.tgz"
  integrity sha512-FdW9r/jQZhSeohs1Z3sI1yxFQNFvMcnmfuj4WBMUTxOrAyLMaTcE1aAMBiTlbMNaXvBCQuVi0R7hd8udDSP7ug==
  dependencies:
    split2 "^4.1.0"

playwright-core@1.50.1:
  version "1.50.1"
  resolved "https://registry.npmjs.org/playwright-core/-/playwright-core-1.50.1.tgz"
  integrity sha512-ra9fsNWayuYumt+NiM069M6OkcRb1FZSK8bgi66AtpFoWkg2+y0bJSNmkFrWhMbEBbVKC/EruAHH3g0zmtwGmQ==

playwright@1.50.1:
  version "1.50.1"
  resolved "https://registry.npmjs.org/playwright/-/playwright-1.50.1.tgz"
  integrity sha512-G8rwsOQJ63XG6BbKj2w5rHeavFjy5zynBA9zsJMMtBoe/Uf757oG12NXz6e6OirF7RCrTVAKFXbLmn1RbL7Qaw==
  dependencies:
    playwright-core "1.50.1"
  optionalDependencies:
    fsevents "2.3.2"

postgres-array@~2.0.0:
  version "2.0.0"
  resolved "https://registry.npmjs.org/postgres-array/-/postgres-array-2.0.0.tgz"
  integrity sha512-VpZrUqU5A69eQyW2c5CA1jtLecCsN2U/bD6VilrFDWq5+5UIEVO7nazS3TEcHf1zuPYO/sqGvUvW62g86RXZuA==

postgres-bytea@~1.0.0:
  version "1.0.0"
  resolved "https://registry.npmjs.org/postgres-bytea/-/postgres-bytea-1.0.0.tgz"
  integrity sha512-xy3pmLuQqRBZBXDULy7KbaitYqLcmxigw14Q5sj8QBVLqEwXfeybIKVWiqAXTlcvdvb0+xkOtDbfQMOf4lST1w==

postgres-date@~1.0.4:
  version "1.0.7"
  resolved "https://registry.npmjs.org/postgres-date/-/postgres-date-1.0.7.tgz"
  integrity sha512-suDmjLVQg78nMK2UZ454hAG+OAW+HQPZ6n++TNDUX+L0+uUlLywnoxJKDou51Zm+zTCjrCl0Nq6J9C5hP9vK/Q==

postgres-interval@^1.1.0:
  version "1.2.0"
  resolved "https://registry.npmjs.org/postgres-interval/-/postgres-interval-1.2.0.tgz"
  integrity sha512-9ZhXKM/rw350N1ovuWHbGxnGh/SNJ4cnxHiM0rxE4VN41wsg8P8zWn9hv/buK00RP4WvlOyr/RBDiptyxVbkZQ==
  dependencies:
    xtend "^4.0.0"

spex@3.4.0:
  version "3.4.0"
  resolved "https://registry.npmjs.org/spex/-/spex-3.4.0.tgz"
  integrity sha512-8JeZJ7QlEBnSj1W1fKXgbB2KUPA8k4BxFMf6lZX/c1ZagU/1b9uZWZK0yD6yjfzqAIuTNG4YlRmtMpQiXuohsg==

split2@^4.1.0:
  version "4.2.0"
  resolved "https://registry.npmjs.org/split2/-/split2-4.2.0.tgz"
  integrity sha512-UcjcJOWknrNkF6PLX83qcHM6KHgVKNkV62Y8a5uYDVv9ydGQVwAHMKqHdJje1VTWpljG0WYpCDhrCdAOYH4TWg==

undici-types@~6.20.0:
  version "6.20.0"
  resolved "https://registry.npmjs.org/undici-types/-/undici-types-6.20.0.tgz"
  integrity sha512-Ny6QZ2Nju20vw1SRHe3d9jVu6gJ+4e3+MMpqu7pqE5HT6WsTSlce++GQmK5UXS8mzV8DSYHrQH+Xrf2jVcuKNg==

xtend@^4.0.0:
  version "4.0.2"
  resolved "https://registry.npmjs.org/xtend/-/xtend-4.0.2.tgz"
  integrity sha512-LKYU1iAXJXUgAXn9URjiu+MWhyUXHsvfp7mcuYm9dSUKK0/CjtrUwFAxD82/mCWbtLsGjFIad0wIsod4zrTAEQ==
